
Microsoft Visual Studio Solution File, Format Version 12.00
# Visual Studio Version 16
VisualStudioVersion = 16.0.29020.237
MinimumVisualStudioVersion = 10.0.40219.1
Project("{8BC9CEB8-8B4A-11D0-8D11-00A0C91BC942}") = "Console-first", "Console-first\Console-first.vcxproj", "{560F7A4E-2504-4E8C-B054-9AEABAD27CE2}"
EndProject
Global
	GlobalSection(SolutionConfigurationPlatforms) = preSolution
		Debug|x64 = Debug|x64
		Debug|x86 = Debug|x86
		Release|x64 = Release|x64
		Release|x86 = Release|x86
	EndGlobalSection
	GlobalSection(ProjectConfigurationPlatforms) = postSolution
		{560F7A4E-2504-4E8C-B054-9AEABAD27CE2}.Debug|x64.ActiveCfg = Debug|x64
		{560F7A4E-2504-4E8C-B054-9AEABAD27CE2}.Debug|x64.Build.0 = Debug|x64
		{560F7A4E-2504-4E8C-B054-9AEABAD27CE2}.Debug|x86.ActiveCfg = Debug|Win32
		{560F7A4E-2504-4E8C-B054-9AEABAD27CE2}.Debug|x86.Build.0 = Debug|Win32
		{560F7A4E-2504-4E8C-B054-9AEABAD27CE2}.Release|x64.ActiveCfg = Release|x64
		{560F7A4E-2504-4E8C-B054-9AEABAD27CE2}.Release|x64.Build.0 = Release|x64
		{560F7A4E-2504-4E8C-B054-9AEABAD27CE2}.Release|x86.ActiveCfg = Release|Win32
		{560F7A4E-2504-4E8C-B054-9AEABAD27CE2}.Release|x86.Build.0 = Release|Win32
	EndGlobalSection
	GlobalSection(SolutionProperties) = preSolution
		HideSolutionNode = FALSE
	EndGlobalSection
	GlobalSection(ExtensibilityGlobals) = postSolution
		SolutionGuid = {827EB1F1-BD86-4B88-9738-76E6689631F0}
	EndGlobalSection
EndGlobal
